
Microsoft Visual Studio Solution File, Format Version 12.00
# Visual Studio 2015
Project("{FAE04EC0-301F-11D3-BF4B-00C04F79EFBC}") = "Coords.CSharp", "Coords.CSharp.csproj", "{6659AF73-9D0A-0966-91F6-63EE6DBF535D}"
EndProject
Project("{FAE04EC0-301F-11D3-BF4B-00C04F79EFBC}") = "Coords.CSharp.Editor", "Coords.CSharp.Editor.csproj", "{DDEE986C-13BD-A3BB-D728-81276B0417A0}"
EndProject
Global
	GlobalSection(SolutionConfigurationPlatforms) = preSolution
		Debug|Any CPU = Debug|Any CPU
		Release|Any CPU = Release|Any CPU
	EndGlobalSection
	GlobalSection(ProjectConfigurationPlatforms) = postSolution
		{6659AF73-9D0A-0966-91F6-63EE6DBF535D}.Debug|Any CPU.ActiveCfg = Debug|Any CPU
		{6659AF73-9D0A-0966-91F6-63EE6DBF535D}.Debug|Any CPU.Build.0 = Debug|Any CPU
		{6659AF73-9D0A-0966-91F6-63EE6DBF535D}.Release|Any CPU.ActiveCfg = Release|Any CPU
		{6659AF73-9D0A-0966-91F6-63EE6DBF535D}.Release|Any CPU.Build.0 = Release|Any CPU
		{DDEE986C-13BD-A3BB-D728-81276B0417A0}.Debug|Any CPU.ActiveCfg = Debug|Any CPU
		{DDEE986C-13BD-A3BB-D728-81276B0417A0}.Debug|Any CPU.Build.0 = Debug|Any CPU
		{DDEE986C-13BD-A3BB-D728-81276B0417A0}.Release|Any CPU.ActiveCfg = Release|Any CPU
		{DDEE986C-13BD-A3BB-D728-81276B0417A0}.Release|Any CPU.Build.0 = Release|Any CPU
	EndGlobalSection
	GlobalSection(SolutionProperties) = preSolution
		HideSolutionNode = FALSE
	EndGlobalSection
EndGlobal
